{
  "pins" : [
    {
      "identity" : "declarativecoreanimation",
      "kind" : "remoteSourceControl",
      "location" : "https://github.com/p-x9/DeclarativeCoreAnimation.git",
      "state" : {
        "revision" : "dc8eab1c79f94744ed977ff64fd2d151ff9663e3",
        "version" : "0.0.1"
      }
    },
    {
      "identity" : "modify",
      "kind" : "remoteSourceControl",
      "location" : "https://github.com/p-x9/Modify.git",
      "state" : {
        "revision" : "9819459f0bf82e569cd909bfffb04e5b78fbef59",
        "version" : "0.0.5"
      }
    }
  ],
  "version" : 2
}
